{
  "version": "5",
  "specifiers": {
    "jsr:@std/assert@1": "1.0.19",
    "jsr:@std/internal@^1.0.12": "1.0.14",
    "jsr:@supabase/supabase-js@2": "2.110.8"
  },
  "jsr": {
    "@std/assert@1.0.19": {
      "integrity": "eaada96ee120cb980bc47e040f82814d786fe8162ecc53c91d8df60b8755991e",
      "dependencies": [
        "jsr:@std/internal"
      ]
    },
    "@std/internal@1.0.14": {
      "integrity": "291516b3d4c35024d6ffbc0a9df5bf4c64116e05b50012cf846710152d2ffdf7"
    },
    "@supabase/supabase-js@2.110.8": {
      "integrity": "cca2005b5b6f7b52c1113085528fc1cd3506d373d9e4cc304fc8fe92d4fa0e1a"
    }
  },
  "workspace": {
    "packageJson": {
      "dependencies": [
        "npm:@eslint/js@^10.0.1",
        "npm:@supabase/supabase-js@^2.110.8",
        "npm:@types/node@^24.13.2",
        "npm:@types/react-dom@^18.3.7",
        "npm:@types/react@^18.3.31",
        "npm:@vitejs/plugin-react@^6.0.3",
        "npm:autoprefixer@^10.5.4",
        "npm:eslint-config-prettier@^10.1.8",
        "npm:eslint-plugin-react-hooks@^7.1.1",
        "npm:eslint-plugin-react-refresh@~0.5.3",
        "npm:eslint@^10.7.0",
        "npm:globals@^17.7.0",
        "npm:i18next-browser-languagedetector@^8.2.1",
        "npm:i18next@^24.2.3",
        "npm:lucide-react@^1.25.0",
        "npm:postcss@^8.5.21",
        "npm:prettier-plugin-tailwindcss@~0.8.1",
        "npm:prettier@^3.9.6",
        "npm:react-dom@^18.3.1",
        "npm:react-i18next@^15.7.4",
        "npm:react-router-dom@^7.18.1",
        "npm:react@^18.3.1",
        "npm:tailwindcss@^3.4.19",
        "npm:typescript-eslint@^8.65.0",
        "npm:typescript@~6.0.2",
        "npm:vite@^8.1.1",
        "npm:zustand@^5.0.14"
      ]
    }
  }
}
